# This file was autogenerated by uv via the following command:
#    uv pip compile pyproject.toml -o requirements.lock
anyio==4.13.0
    # via httpx
certifi==2026.5.20
    # via
    #   httpcore
    #   httpx
    #   requests
charset-normalizer==3.4.7
    # via requests
h11==0.16.0
    # via httpcore
httpcore==1.0.9
    # via httpx
httpx==0.28.1
    # via haintag (pyproject.toml)
idna==3.18
    # via
    #   anyio
    #   httpx
    #   requests
pyqt6==6.11.0
    # via haintag (pyproject.toml)
pyqt6-qt6==6.11.1
    # via pyqt6
pyqt6-sip==13.11.1
    # via pyqt6
requests==2.34.2
    # via haintag (pyproject.toml)
urllib3==2.7.0
    # via requests
